
Microsoft Visual Studio Solution File, Format Version 12.00
# Visual Studio Version 16
VisualStudioVersion = 16.0.28621.142
MinimumVisualStudioVersion = 10.0.40219.1
Project("{9A19103F-16F7-4668-BE54-9A1E7A4F7556}") = "PdfMakeNet", "PdfMakeNet\PdfMakeNet.csproj", "{FA9AA6F6-DC13-4418-8B99-062C70CC7E45}"
EndProject
Project("{9A19103F-16F7-4668-BE54-9A1E7A4F7556}") = "BlazorPdfMake.Demo", "BlazorPdfMake.Demo\BlazorPdfMake.Demo.csproj", "{292A0F07-828E-4CAC-B826-5A761BAA5D1F}"
EndProject
Project("{9A19103F-16F7-4668-BE54-9A1E7A4F7556}") = "PdfMakeNet.Server.Extensions", "PdfMakeNet.Server.Extensions\PdfMakeNet.Server.Extensions.csproj", "{6AAE48EB-6891-4E15-AB4C-A72E2FB1BCCF}"
EndProject
Global
	GlobalSection(SolutionConfigurationPlatforms) = preSolution
		Debug|Any CPU = Debug|Any CPU
		Release|Any CPU = Release|Any CPU
	EndGlobalSection
	GlobalSection(ProjectConfigurationPlatforms) = postSolution
		{FA9AA6F6-DC13-4418-8B99-062C70CC7E45}.Debug|Any CPU.ActiveCfg = Debug|Any CPU
		{FA9AA6F6-DC13-4418-8B99-062C70CC7E45}.Debug|Any CPU.Build.0 = Debug|Any CPU
		{FA9AA6F6-DC13-4418-8B99-062C70CC7E45}.Release|Any CPU.ActiveCfg = Release|Any CPU
		{FA9AA6F6-DC13-4418-8B99-062C70CC7E45}.Release|Any CPU.Build.0 = Release|Any CPU
		{292A0F07-828E-4CAC-B826-5A761BAA5D1F}.Debug|Any CPU.ActiveCfg = Debug|Any CPU
		{292A0F07-828E-4CAC-B826-5A761BAA5D1F}.Debug|Any CPU.Build.0 = Debug|Any CPU
		{292A0F07-828E-4CAC-B826-5A761BAA5D1F}.Release|Any CPU.ActiveCfg = Release|Any CPU
		{292A0F07-828E-4CAC-B826-5A761BAA5D1F}.Release|Any CPU.Build.0 = Release|Any CPU
		{6AAE48EB-6891-4E15-AB4C-A72E2FB1BCCF}.Debug|Any CPU.ActiveCfg = Debug|Any CPU
		{6AAE48EB-6891-4E15-AB4C-A72E2FB1BCCF}.Debug|Any CPU.Build.0 = Debug|Any CPU
		{6AAE48EB-6891-4E15-AB4C-A72E2FB1BCCF}.Release|Any CPU.ActiveCfg = Release|Any CPU
		{6AAE48EB-6891-4E15-AB4C-A72E2FB1BCCF}.Release|Any CPU.Build.0 = Release|Any CPU
	EndGlobalSection
	GlobalSection(SolutionProperties) = preSolution
		HideSolutionNode = FALSE
	EndGlobalSection
	GlobalSection(ExtensibilityGlobals) = postSolution
		SolutionGuid = {F9989DF3-9457-4268-AFB6-01ED64FFE464}
	EndGlobalSection
EndGlobal
